{
  "name": "codex-channel-bridge",
  "version": "0.1.0-dev",
  "lockfileVersion": 3,
  "requires": true,
  "packages": {
    "": {
      "name": "codex-channel-bridge",
      "version": "0.1.0-dev",
      "workspaces": [
        "packages/*"
      ],
      "devDependencies": {
        "@types/node": "22.20.1",
        "typescript": "5.9.3"
      },
      "engines": {
        "node": ">=22.0.0"
      }
    },
    "node_modules/@codex-channel-bridge/cli": {
      "resolved": "packages/cli",
      "link": true
    },
    "node_modules/@codex-channel-bridge/codex-app-server": {
      "resolved": "packages/codex-app-server",
      "link": true
    },
    "node_modules/@codex-channel-bridge/core": {
      "resolved": "packages/core",
      "link": true
    },
    "node_modules/@codex-channel-bridge/profile-worker": {
      "resolved": "packages/profile-worker",
      "link": true
    },
    "node_modules/@types/node": {
      "version": "22.20.1",
      "resolved": "https://registry.npmjs.org/@types/node/-/node-22.20.1.tgz",
      "integrity": "sha512-EANqOCF9QFyra+4pfxUcX9STKJpCLjMbObVzljIJomAWSnuSIEAvyzEU53GaajbXJEgdh0iEcPL+DGvpUd4k1Q==",
      "dev": true,
      "license": "MIT",
      "dependencies": {
        "undici-types": "~6.21.0"
      }
    },
    "node_modules/typescript": {
      "version": "5.9.3",
      "resolved": "https://registry.npmjs.org/typescript/-/typescript-5.9.3.tgz",
      "integrity": "sha512-jl1vZzPDinLr9eUt3J/t7V6FgNEw9QjvBPdysz9KfQDD41fQrC2Y4vKQdiaUpFT4bXlb1RHhLpp8wtm6M5TgSw==",
      "dev": true,
      "license": "Apache-2.0",
      "bin": {
        "tsc": "bin/tsc",
        "tsserver": "bin/tsserver"
      },
      "engines": {
        "node": ">=14.17"
      }
    },
    "node_modules/undici-types": {
      "version": "6.21.0",
      "resolved": "https://registry.npmjs.org/undici-types/-/undici-types-6.21.0.tgz",
      "integrity": "sha512-iwDZqg0QAGrg9Rav5H4n0M64c3mkR59cJ6wQp+7C4nI0gsmExaedaYLNO44eT4AtBBwjbTiGPMlt2Md0T9H9JQ==",
      "dev": true,
      "license": "MIT"
    },
    "packages/cli": {
      "name": "@codex-channel-bridge/cli",
      "version": "0.1.0-dev",
      "dependencies": {
        "@codex-channel-bridge/codex-app-server": "0.1.0-dev",
        "@codex-channel-bridge/profile-worker": "0.1.0-dev"
      },
      "bin": {
        "bridge": "dist/main.js"
      }
    },
    "packages/codex-app-server": {
      "name": "@codex-channel-bridge/codex-app-server",
      "version": "0.1.0-dev",
      "dependencies": {
        "@codex-channel-bridge/core": "0.1.0-dev"
      }
    },
    "packages/core": {
      "name": "@codex-channel-bridge/core",
      "version": "0.1.0-dev"
    },
    "packages/profile-worker": {
      "name": "@codex-channel-bridge/profile-worker",
      "version": "0.1.0-dev",
      "dependencies": {
        "@codex-channel-bridge/codex-app-server": "0.1.0-dev",
        "@codex-channel-bridge/core": "0.1.0-dev"
      }
    }
  }
}
